
Microsoft Visual Studio Solution File, Format Version 12.00
# Visual Studio 14
VisualStudioVersion = 14.0.25420.1
MinimumVisualStudioVersion = 10.0.40219.1
Project("{FAE04EC0-301F-11D3-BF4B-00C04F79EFBC}") = "TaskA", "TaskA\TaskA.csproj", "{86F88B10-25AB-4DF0-AA94-5E792844FFC4}"
EndProject
Project("{FAE04EC0-301F-11D3-BF4B-00C04F79EFBC}") = "TaskB", "TaskB\TaskB.csproj", "{8BFA2812-CA02-4886-B0BB-D6DFA6445026}"
EndProject
Project("{FAE04EC0-301F-11D3-BF4B-00C04F79EFBC}") = "TaskC", "TaskC\TaskC.csproj", "{9B1083B9-5A60-48AE-8E25-422D020AB099}"
EndProject
Project("{FAE04EC0-301F-11D3-BF4B-00C04F79EFBC}") = "TaskE", "TaskE\TaskE.csproj", "{7EE2A84B-236F-44FE-8E27-71BA0602486B}"
EndProject
Project("{FAE04EC0-301F-11D3-BF4B-00C04F79EFBC}") = "TaskD", "TaskD\TaskD.csproj", "{5472C539-FB7F-48D3-8785-C9EAE5A654AB}"
EndProject
Project("{2150E333-8FDC-42A3-9474-1A3956D46DE8}") = "python", "python", "{F4478ACA-D21C-4AD2-9329-F3AD4C9808E1}"
EndProject
Project("{888888A0-9F3D-457C-B088-3A5042F75D52}") = "TaskA_python", "TaskA_python\TaskA_python.pyproj", "{26B7D8C6-6A47-4E11-AB12-77ECE8C731DA}"
EndProject
Project("{2150E333-8FDC-42A3-9474-1A3956D46DE8}") = "c-sharp", "c-sharp", "{AFCCBE81-F2A6-4115-865F-BF140CB32A98}"
EndProject
Project("{888888A0-9F3D-457C-B088-3A5042F75D52}") = "TaskB_python", "TaskB_python\TaskB_python.pyproj", "{E1053C39-1B28-4127-9BC6-84BA4BB5321A}"
EndProject
Project("{888888A0-9F3D-457C-B088-3A5042F75D52}") = "TaskC_python", "TaskC_python\TaskC_python.pyproj", "{3980B001-7649-4CC5-81BD-D382CDB0CB7F}"
EndProject
Project("{888888A0-9F3D-457C-B088-3A5042F75D52}") = "TaskD_python", "TaskD_python\TaskD_python.pyproj", "{4F5A7BEC-56D6-490A-BCC4-869E945FCC42}"
EndProject
Project("{888888A0-9F3D-457C-B088-3A5042F75D52}") = "TaskE_python", "TaskE_python\TaskE_python.pyproj", "{745B8DAC-D1C3-4590-9C6E-7F4B049C7190}"
EndProject
Global
	GlobalSection(SolutionConfigurationPlatforms) = preSolution
		Debug|Any CPU = Debug|Any CPU
		Release|Any CPU = Release|Any CPU
	EndGlobalSection
	GlobalSection(ProjectConfigurationPlatforms) = postSolution
		{86F88B10-25AB-4DF0-AA94-5E792844FFC4}.Debug|Any CPU.ActiveCfg = Debug|Any CPU
		{86F88B10-25AB-4DF0-AA94-5E792844FFC4}.Debug|Any CPU.Build.0 = Debug|Any CPU
		{86F88B10-25AB-4DF0-AA94-5E792844FFC4}.Release|Any CPU.ActiveCfg = Release|Any CPU
		{86F88B10-25AB-4DF0-AA94-5E792844FFC4}.Release|Any CPU.Build.0 = Release|Any CPU
		{8BFA2812-CA02-4886-B0BB-D6DFA6445026}.Debug|Any CPU.ActiveCfg = Debug|Any CPU
		{8BFA2812-CA02-4886-B0BB-D6DFA6445026}.Debug|Any CPU.Build.0 = Debug|Any CPU
		{8BFA2812-CA02-4886-B0BB-D6DFA6445026}.Release|Any CPU.ActiveCfg = Release|Any CPU
		{8BFA2812-CA02-4886-B0BB-D6DFA6445026}.Release|Any CPU.Build.0 = Release|Any CPU
		{9B1083B9-5A60-48AE-8E25-422D020AB099}.Debug|Any CPU.ActiveCfg = Debug|Any CPU
		{9B1083B9-5A60-48AE-8E25-422D020AB099}.Debug|Any CPU.Build.0 = Debug|Any CPU
		{9B1083B9-5A60-48AE-8E25-422D020AB099}.Release|Any CPU.ActiveCfg = Release|Any CPU
		{9B1083B9-5A60-48AE-8E25-422D020AB099}.Release|Any CPU.Build.0 = Release|Any CPU
		{7EE2A84B-236F-44FE-8E27-71BA0602486B}.Debug|Any CPU.ActiveCfg = Debug|Any CPU
		{7EE2A84B-236F-44FE-8E27-71BA0602486B}.Debug|Any CPU.Build.0 = Debug|Any CPU
		{7EE2A84B-236F-44FE-8E27-71BA0602486B}.Release|Any CPU.ActiveCfg = Release|Any CPU
		{7EE2A84B-236F-44FE-8E27-71BA0602486B}.Release|Any CPU.Build.0 = Release|Any CPU
		{5472C539-FB7F-48D3-8785-C9EAE5A654AB}.Debug|Any CPU.ActiveCfg = Debug|Any CPU
		{5472C539-FB7F-48D3-8785-C9EAE5A654AB}.Debug|Any CPU.Build.0 = Debug|Any CPU
		{5472C539-FB7F-48D3-8785-C9EAE5A654AB}.Release|Any CPU.ActiveCfg = Release|Any CPU
		{5472C539-FB7F-48D3-8785-C9EAE5A654AB}.Release|Any CPU.Build.0 = Release|Any CPU
		{26B7D8C6-6A47-4E11-AB12-77ECE8C731DA}.Debug|Any CPU.ActiveCfg = Debug|Any CPU
		{26B7D8C6-6A47-4E11-AB12-77ECE8C731DA}.Release|Any CPU.ActiveCfg = Release|Any CPU
		{E1053C39-1B28-4127-9BC6-84BA4BB5321A}.Debug|Any CPU.ActiveCfg = Debug|Any CPU
		{E1053C39-1B28-4127-9BC6-84BA4BB5321A}.Release|Any CPU.ActiveCfg = Release|Any CPU
		{3980B001-7649-4CC5-81BD-D382CDB0CB7F}.Debug|Any CPU.ActiveCfg = Debug|Any CPU
		{3980B001-7649-4CC5-81BD-D382CDB0CB7F}.Release|Any CPU.ActiveCfg = Release|Any CPU
		{4F5A7BEC-56D6-490A-BCC4-869E945FCC42}.Debug|Any CPU.ActiveCfg = Debug|Any CPU
		{4F5A7BEC-56D6-490A-BCC4-869E945FCC42}.Release|Any CPU.ActiveCfg = Release|Any CPU
		{745B8DAC-D1C3-4590-9C6E-7F4B049C7190}.Debug|Any CPU.ActiveCfg = Debug|Any CPU
		{745B8DAC-D1C3-4590-9C6E-7F4B049C7190}.Release|Any CPU.ActiveCfg = Release|Any CPU
	EndGlobalSection
	GlobalSection(SolutionProperties) = preSolution
		HideSolutionNode = FALSE
	EndGlobalSection
	GlobalSection(NestedProjects) = preSolution
		{86F88B10-25AB-4DF0-AA94-5E792844FFC4} = {AFCCBE81-F2A6-4115-865F-BF140CB32A98}
		{8BFA2812-CA02-4886-B0BB-D6DFA6445026} = {AFCCBE81-F2A6-4115-865F-BF140CB32A98}
		{9B1083B9-5A60-48AE-8E25-422D020AB099} = {AFCCBE81-F2A6-4115-865F-BF140CB32A98}
		{7EE2A84B-236F-44FE-8E27-71BA0602486B} = {AFCCBE81-F2A6-4115-865F-BF140CB32A98}
		{5472C539-FB7F-48D3-8785-C9EAE5A654AB} = {AFCCBE81-F2A6-4115-865F-BF140CB32A98}
		{26B7D8C6-6A47-4E11-AB12-77ECE8C731DA} = {F4478ACA-D21C-4AD2-9329-F3AD4C9808E1}
		{E1053C39-1B28-4127-9BC6-84BA4BB5321A} = {F4478ACA-D21C-4AD2-9329-F3AD4C9808E1}
		{3980B001-7649-4CC5-81BD-D382CDB0CB7F} = {F4478ACA-D21C-4AD2-9329-F3AD4C9808E1}
		{4F5A7BEC-56D6-490A-BCC4-869E945FCC42} = {F4478ACA-D21C-4AD2-9329-F3AD4C9808E1}
		{745B8DAC-D1C3-4590-9C6E-7F4B049C7190} = {F4478ACA-D21C-4AD2-9329-F3AD4C9808E1}
	EndGlobalSection
EndGlobal
